{
    "_readme": [
        "This file locks the dependencies of your project to a known state",
        "Read more about it at https://getcomposer.org/doc/01-basic-usage.md#installing-dependencies",
        "This file is @generated automatically"
    ],
    "content-hash": "da0e91ed5353302cbae99165913cf7d3",
    "packages": [
        {
            "name": "fsa/neuron-framework",
            "version": "v0.5.0",
            "source": {
                "type": "git",
                "url": "https://github.com/fsa/php-neuron-framework.git",
                "reference": "def7cb007de3a4adb7f8d349718d198cd6441c55"
            },
            "dist": {
                "type": "zip",
                "url": "https://api.github.com/repos/fsa/php-neuron-framework/zipball/def7cb007de3a4adb7f8d349718d198cd6441c55",
                "reference": "def7cb007de3a4adb7f8d349718d198cd6441c55",
                "shasum": ""
            },
            "require": {
                "ext-redis": "*",
                "php": "^8.1"
            },
            "type": "library",
            "autoload": {
                "psr-4": {
                    "FSA\\Neuron\\": "classes/"
                }
            },
            "notification-url": "https://packagist.org/downloads/",
            "license": [
                "GPL-3.0-or-later"
            ],
            "authors": [
                {
                    "name": "Sergei Fedotov",
                    "email": "fsa@tavda.info"
                }
            ],
            "description": "Neuron PHP framework",
            "support": {
                "issues": "https://github.com/fsa/php-neuron-framework/issues",
                "source": "https://github.com/fsa/php-neuron-framework/tree/v0.5.0"
            },
            "time": "2023-01-23T20:43:22+00:00"
        },
        {
            "name": "fsa/shcc-framework",
            "version": "v0.1.0",
            "source": {
                "type": "git",
                "url": "https://github.com/fsa/shcc-framework.git",
                "reference": "0a9da64720f38326249c1a170ef28b99d5c1bb35"
            },
            "dist": {
                "type": "zip",
                "url": "https://api.github.com/repos/fsa/shcc-framework/zipball/0a9da64720f38326249c1a170ef28b99d5c1bb35",
                "reference": "0a9da64720f38326249c1a170ef28b99d5c1bb35",
                "shasum": ""
            },
            "require": {
                "fsa/neuron-framework": "^0.5"
            },
            "type": "library",
            "autoload": {
                "psr-4": {
                    "FSA\\SmartHome\\": "classes/"
                }
            },
            "notification-url": "https://packagist.org/downloads/",
            "license": [
                "GPL-3.0-or-later"
            ],
            "authors": [
                {
                    "name": "Sergei Fedotov",
                    "email": "fsa@tavda.info"
                }
            ],
            "description": "Smart Home Framework",
            "support": {
                "issues": "https://github.com/fsa/shcc-framework/issues",
                "source": "https://github.com/fsa/shcc-framework/tree/v0.1.0"
            },
            "time": "2023-01-23T21:05:38+00:00"
        }
    ],
    "packages-dev": [],
    "aliases": [],
    "minimum-stability": "stable",
    "stability-flags": [],
    "prefer-stable": false,
    "prefer-lowest": false,
    "platform": [],
    "platform-dev": [],
    "plugin-api-version": "2.3.0"
}
